
Microsoft Visual Studio Solution File, Format Version 12.00
# Visual Studio Version 16
VisualStudioVersion = 16.0.30907.101
MinimumVisualStudioVersion = 10.0.40219.1
Project("{9A19103F-16F7-4668-BE54-9A1E7A4F7556}") = "Twitter.Console", "Twitter.Console\Twitter.Console.csproj", "{7935FF1D-0922-4E99-BE0F-90B8DF618A1C}"
EndProject
Project("{9A19103F-16F7-4668-BE54-9A1E7A4F7556}") = "Twitter.DataAccess", "Twitter.DataAccess\Twitter.DataAccess.csproj", "{20C00D72-B603-423F-8949-705D4F317494}"
EndProject
Project("{9A19103F-16F7-4668-BE54-9A1E7A4F7556}") = "Twitter.Client", "Twitter.Client\Twitter.Client.csproj", "{26818881-7AB3-4A7E-906C-CF2203E80B9A}"
EndProject
Project("{9A19103F-16F7-4668-BE54-9A1E7A4F7556}") = "Twitter.Services", "Twitter.Services\Twitter.Services.csproj", "{A66A10B7-6E22-4A8C-AB29-C76A13C034B0}"
EndProject
Project("{2150E333-8FDC-42A3-9474-1A3956D46DE8}") = "Test", "Test", "{88E4AC45-38F6-4E24-AB27-34FB17990EA1}"
EndProject
Project("{9A19103F-16F7-4668-BE54-9A1E7A4F7556}") = "TwitterConsumer.Test", "Twitter.Tests\TwitterConsumer.Test.csproj", "{B0522D4E-989D-49DD-9866-3C0D330E8438}"
EndProject
Global
	GlobalSection(SolutionConfigurationPlatforms) = preSolution
		Debug|Any CPU = Debug|Any CPU
		Release|Any CPU = Release|Any CPU
	EndGlobalSection
	GlobalSection(ProjectConfigurationPlatforms) = postSolution
		{7935FF1D-0922-4E99-BE0F-90B8DF618A1C}.Debug|Any CPU.ActiveCfg = Debug|Any CPU
		{7935FF1D-0922-4E99-BE0F-90B8DF618A1C}.Debug|Any CPU.Build.0 = Debug|Any CPU
		{7935FF1D-0922-4E99-BE0F-90B8DF618A1C}.Release|Any CPU.ActiveCfg = Release|Any CPU
		{7935FF1D-0922-4E99-BE0F-90B8DF618A1C}.Release|Any CPU.Build.0 = Release|Any CPU
		{20C00D72-B603-423F-8949-705D4F317494}.Debug|Any CPU.ActiveCfg = Debug|Any CPU
		{20C00D72-B603-423F-8949-705D4F317494}.Debug|Any CPU.Build.0 = Debug|Any CPU
		{20C00D72-B603-423F-8949-705D4F317494}.Release|Any CPU.ActiveCfg = Release|Any CPU
		{20C00D72-B603-423F-8949-705D4F317494}.Release|Any CPU.Build.0 = Release|Any CPU
		{26818881-7AB3-4A7E-906C-CF2203E80B9A}.Debug|Any CPU.ActiveCfg = Debug|Any CPU
		{26818881-7AB3-4A7E-906C-CF2203E80B9A}.Debug|Any CPU.Build.0 = Debug|Any CPU
		{26818881-7AB3-4A7E-906C-CF2203E80B9A}.Release|Any CPU.ActiveCfg = Release|Any CPU
		{26818881-7AB3-4A7E-906C-CF2203E80B9A}.Release|Any CPU.Build.0 = Release|Any CPU
		{A66A10B7-6E22-4A8C-AB29-C76A13C034B0}.Debug|Any CPU.ActiveCfg = Debug|Any CPU
		{A66A10B7-6E22-4A8C-AB29-C76A13C034B0}.Debug|Any CPU.Build.0 = Debug|Any CPU
		{A66A10B7-6E22-4A8C-AB29-C76A13C034B0}.Release|Any CPU.ActiveCfg = Release|Any CPU
		{A66A10B7-6E22-4A8C-AB29-C76A13C034B0}.Release|Any CPU.Build.0 = Release|Any CPU
		{B0522D4E-989D-49DD-9866-3C0D330E8438}.Debug|Any CPU.ActiveCfg = Debug|Any CPU
		{B0522D4E-989D-49DD-9866-3C0D330E8438}.Debug|Any CPU.Build.0 = Debug|Any CPU
		{B0522D4E-989D-49DD-9866-3C0D330E8438}.Release|Any CPU.ActiveCfg = Release|Any CPU
		{B0522D4E-989D-49DD-9866-3C0D330E8438}.Release|Any CPU.Build.0 = Release|Any CPU
	EndGlobalSection
	GlobalSection(SolutionProperties) = preSolution
		HideSolutionNode = FALSE
	EndGlobalSection
	GlobalSection(NestedProjects) = preSolution
		{B0522D4E-989D-49DD-9866-3C0D330E8438} = {88E4AC45-38F6-4E24-AB27-34FB17990EA1}
	EndGlobalSection
	GlobalSection(ExtensibilityGlobals) = postSolution
		SolutionGuid = {710A9750-9A33-4CE3-AFB9-029148270110}
	EndGlobalSection
EndGlobal
